<?xml version="1.0" encoding="utf-8"?>
<Project ToolsVersion="4.0" xmlns="http://schemas.microsoft.com/developer/msbuild/2003">
  <ItemGroup>
    <Filter Include="Source Files">
      <UniqueIdentifier>{4FC737F1-C7A5-4376-A066-2A32D752A2FF}</UniqueIdentifier>
      <Extensions>cpp;c;cc;cxx;def;odl;idl;hpj;bat;asm;asmx</Extensions>
    </Filter>
    <Filter Include="Header Files">
      <UniqueIdentifier>{93995380-89BD-4b04-88EB-625FBE52EBFB}</UniqueIdentifier>
      <Extensions>h;hh;hpp;hxx;hm;inl;inc;xsd</Extensions>
    </Filter>
    <Filter Include="Resource Files">
      <UniqueIdentifier>{67DA6AB6-F800-4c08-8B7A-83BB121AAD01}</UniqueIdentifier>
      <Extensions>rc;ico;cur;bmp;dlg;rc2;rct;bin;rgs;gif;jpg;jpeg;jpe;resx;tiff;tif;png;wav;mfcribbon-ms</Extensions>
    </Filter>
  </ItemGroup>
  <ItemGroup>
    <ClCompile Include="Animal.cpp">
      <Filter>Source Files</Filter>
    </ClCompile>
    <ClCompile Include="Beach.cpp">
      <Filter>Source Files</Filter>
    </ClCompile>
    <ClCompile Include="Button.cpp">
      <Filter>Source Files</Filter>
    </ClCompile>
    <ClCompile Include="Cannibal.cpp">
      <Filter>Source Files</Filter>
    </ClCompile>
    <ClCompile Include="CannibalBase.cpp">
      <Filter>Source Files</Filter>
    </ClCompile>
    <ClCompile Include="Cliff.cpp">
      <Filter>Source Files</Filter>
    </ClCompile>
    <ClCompile Include="Combat.cpp">
      <Filter>Source Files</Filter>
    </ClCompile>
    <ClCompile Include="DeepJungle.cpp">
      <Filter>Source Files</Filter>
    </ClCompile>
    <ClCompile Include="ExitButton.cpp">
      <Filter>Source Files</Filter>
    </ClCompile>
    <ClCompile Include="Human.cpp">
      <Filter>Source Files</Filter>
    </ClCompile>
    <ClCompile Include="ImageTexture.cpp">
      <Filter>Source Files</Filter>
    </ClCompile>
    <ClCompile Include="Item.cpp">
      <Filter>Source Files</Filter>
    </ClCompile>
    <ClCompile Include="Jungle.cpp">
      <Filter>Source Files</Filter>
    </ClCompile>
    <ClCompile Include="Location.cpp">
      <Filter>Source Files</Filter>
    </ClCompile>
    <ClCompile Include="main.cpp">
      <Filter>Source Files</Filter>
    </ClCompile>
    <ClCompile Include="MainGame.cpp">
      <Filter>Source Files</Filter>
    </ClCompile>
    <ClCompile Include="Map.cpp">
      <Filter>Source Files</Filter>
    </ClCompile>
    <ClCompile Include="Mob.cpp">
      <Filter>Source Files</Filter>
    </ClCompile>
    <ClCompile Include="Mountain.cpp">
      <Filter>Source Files</Filter>
    </ClCompile>
    <ClCompile Include="Ocean.cpp">
      <Filter>Source Files</Filter>
    </ClCompile>
    <ClCompile Include="Pirate.cpp">
      <Filter>Source Files</Filter>
    </ClCompile>
    <ClCompile Include="PirateBase.cpp">
      <Filter>Source Files</Filter>
    </ClCompile>
    <ClCompile Include="Plains.cpp">
      <Filter>Source Files</Filter>
    </ClCompile>
    <ClCompile Include="PlayerBase.cpp">
      <Filter>Source Files</Filter>
    </ClCompile>
    <ClCompile Include="PlayerHealthBox.cpp">
      <Filter>Source Files</Filter>
    </ClCompile>
    <ClCompile Include="PlayerHealthText.cpp">
      <Filter>Source Files</Filter>
    </ClCompile>
    <ClCompile Include="PlayerNameTexture.cpp">
      <Filter>Source Files</Filter>
    </ClCompile>
    <ClCompile Include="Quadrant.cpp">
      <Filter>Source Files</Filter>
    </ClCompile>
    <ClCompile Include="RectTexture.cpp">
      <Filter>Source Files</Filter>
    </ClCompile>
    <ClCompile Include="TextTexture.cpp">
      <Filter>Source Files</Filter>
    </ClCompile>
    <ClCompile Include="Texture.cpp">
      <Filter>Source Files</Filter>
    </ClCompile>
    <ClCompile Include="G_Image.cpp">
      <Filter>Source Files</Filter>
    </ClCompile>
    <ClCompile Include="G_Text.cpp">
      <Filter>Source Files</Filter>
    </ClCompile>
    <ClCompile Include="G_BitmapFont.cpp">
      <Filter>Source Files</Filter>
    </ClCompile>
    <ClCompile Include="logSDLError.cpp">
      <Filter>Source Files</Filter>
    </ClCompile>
    <ClCompile Include="G_Container.cpp">
      <Filter>Source Files</Filter>
    </ClCompile>
    <ClCompile Include="G_Renderable.cpp">
      <Filter>Source Files</Filter>
    </ClCompile>
    <ClCompile Include="G_Button.cpp">
      <Filter>Source Files</Filter>
    </ClCompile>
  </ItemGroup>
  <ItemGroup>
    <ClInclude Include="Animal.h">
      <Filter>Header Files</Filter>
    </ClInclude>
    <ClInclude Include="Beach.h">
      <Filter>Header Files</Filter>
    </ClInclude>
    <ClInclude Include="Button.h">
      <Filter>Header Files</Filter>
    </ClInclude>
    <ClInclude Include="Cannibal.h">
      <Filter>Header Files</Filter>
    </ClInclude>
    <ClInclude Include="CannibalBase.h">
      <Filter>Header Files</Filter>
    </ClInclude>
    <ClInclude Include="Cliff.h">
      <Filter>Header Files</Filter>
    </ClInclude>
    <ClInclude Include="Combat.h">
      <Filter>Header Files</Filter>
    </ClInclude>
    <ClInclude Include="DeepJungle.h">
      <Filter>Header Files</Filter>
    </ClInclude>
    <ClInclude Include="ExitButton.h">
      <Filter>Header Files</Filter>
    </ClInclude>
    <ClInclude Include="Human.h">
      <Filter>Header Files</Filter>
    </ClInclude>
    <ClInclude Include="ImageTexture.h">
      <Filter>Header Files</Filter>
    </ClInclude>
    <ClInclude Include="Item.h">
      <Filter>Header Files</Filter>
    </ClInclude>
    <ClInclude Include="Jungle.h">
      <Filter>Header Files</Filter>
    </ClInclude>
    <ClInclude Include="Location.h">
      <Filter>Header Files</Filter>
    </ClInclude>
    <ClInclude Include="MainGame.h">
      <Filter>Header Files</Filter>
    </ClInclude>
    <ClInclude Include="Map.h">
      <Filter>Header Files</Filter>
    </ClInclude>
    <ClInclude Include="Mob.h">
      <Filter>Header Files</Filter>
    </ClInclude>
    <ClInclude Include="Mountain.h">
      <Filter>Header Files</Filter>
    </ClInclude>
    <ClInclude Include="Ocean.h">
      <Filter>Header Files</Filter>
    </ClInclude>
    <ClInclude Include="Pirate.h">
      <Filter>Header Files</Filter>
    </ClInclude>
    <ClInclude Include="PirateBase.h">
      <Filter>Header Files</Filter>
    </ClInclude>
    <ClInclude Include="Plains.h">
      <Filter>Header Files</Filter>
    </ClInclude>
    <ClInclude Include="PlayerBase.h">
      <Filter>Header Files</Filter>
    </ClInclude>
    <ClInclude Include="PlayerHealthBox.h">
      <Filter>Header Files</Filter>
    </ClInclude>
    <ClInclude Include="PlayerHealthText.h">
      <Filter>Header Files</Filter>
    </ClInclude>
    <ClInclude Include="PlayerNameTexture.h">
      <Filter>Header Files</Filter>
    </ClInclude>
    <ClInclude Include="Quadrant.h">
      <Filter>Header Files</Filter>
    </ClInclude>
    <ClInclude Include="RectTexture.h">
      <Filter>Header Files</Filter>
    </ClInclude>
    <ClInclude Include="TextTexture.h">
      <Filter>Header Files</Filter>
    </ClInclude>
    <ClInclude Include="Texture.h">
      <Filter>Header Files</Filter>
    </ClInclude>
    <ClInclude Include="G_Image.h">
      <Filter>Header Files</Filter>
    </ClInclude>
    <ClInclude Include="G_Text.h">
      <Filter>Header Files</Filter>
    </ClInclude>
    <ClInclude Include="G_BitmapFont.h">
      <Filter>Header Files</Filter>
    </ClInclude>
    <ClInclude Include="include\logSDLError.h">
      <Filter>Header Files</Filter>
    </ClInclude>
    <ClInclude Include="CornEngine.h">
      <Filter>Header Files</Filter>
    </ClInclude>
    <ClInclude Include="G_Container.h">
      <Filter>Header Files</Filter>
    </ClInclude>
    <ClInclude Include="G_Renderable.h">
      <Filter>Header Files</Filter>
    </ClInclude>
    <ClInclude Include="G_Button.h">
      <Filter>Header Files</Filter>
    </ClInclude>
  </ItemGroup>
  <ItemGroup>
    <None Include="packages.config" />
  </ItemGroup>
</Project>